// !$*UTF8*$!
{
	archiveVersion = 1;
	classes = {
	};
	objectVersion = 46;
	objects = {

/* Begin PBXBuildFile section */
		B12E23741DF687F3008AB2D7 /* AppDelegate.swift in Sources */ = {isa = PBXBuildFile; fileRef = B12E23731DF687F3008AB2D7 /* AppDelegate.swift */; };
		B12E23761DF687F3008AB2D7 /* ViewController.swift in Sources */ = {isa = PBXBuildFile; fileRef = B12E23751DF687F3008AB2D7 /* ViewController.swift */; };
		B12E23791DF687F3008AB2D7 /* Main.storyboard in Resources */ = {isa = PBXBuildFile; fileRef = B12E23771DF687F3008AB2D7 /* Main.storyboard */; };
		B12E237B1DF687F3008AB2D7 /* Assets.xcassets in Resources */ = {isa = PBXBuildFile; fileRef = B12E237A1DF687F3008AB2D7 /* Assets.xcassets */; };
		B12E237E1DF687F3008AB2D7 /* LaunchScreen.storyboard in Resources */ = {isa = PBXBuildFile; fileRef = B12E237C1DF687F3008AB2D7 /* LaunchScreen.storyboard */; };
/* End PBXBuildFile section */

/* Begin PBXFileReference section */
		B12E23701DF687F3008AB2D7 /* Swift_Switch.app */ = {isa = PBXFileReference; explicitFileType = wrapper.application; includeInIndex = 0; path = Swift_Switch.app; sourceTree = BUILT_PRODUCTS_DIR; };
		B12E23731DF687F3008AB2D7 /* AppDelegate.swift */ = {isa = PBXFileReference; lastKnownFileType = sourcecode.swift; path = AppDelegate.swift; sourceTree = "<group>"; };
		B12E23751DF687F3008AB2D7 /* ViewController.swift */ = {isa = PBXFileReference; lastKnownFileType = sourcecode.swift; path = ViewController.swift; sourceTree = "<group>"; };
		B12E23781DF687F3008AB2D7 /* Base */ = {isa = PBXFileReference; lastKnownFileType = file.storyboard; name = Base; path = Base.lproj/Main.storyboard; sourceTree = "<group>"; };
		B12E237A1DF687F3008AB2D7 /* Assets.xcassets */ = {isa = PBXFileReference; lastKnownFileType = folder.assetcatalog; path = Assets.xcassets; sourceTree = "<group>"; };
		B12E237D1DF687F3008AB2D7 /* Base */ = {isa = PBXFileReference; lastKnownFileType = file.storyboard; name = Base; path = Base.lproj/LaunchScreen.storyboard; sourceTree = "<group>"; };
		B12E237F1DF687F3008AB2D7 /* Info.plist */ = {isa = PBXFileReference; lastKnownFileType = text.plist.xml; path = Info.plist; sourceTree = "<group>"; };
/* End PBXFileReference section */

/* Begin PBXFrameworksBuildPhase section */
		B12E236D1DF687F3008AB2D7 /* Frameworks */ = {
			isa = PBXFrameworksBuildPhase;
			buildActionMask = 2147483647;
			files = (
			);
			runOnlyForDeploymentPostprocessing = 0;
		};
/* End PBXFrameworksBuildPhase section */

/* Begin PBXGroup section */
		B12E23671DF687F3008AB2D7 = {
			isa = PBXGroup;
			children = (
				B12E23721DF687F3008AB2D7 /* Swift_Switch */,
				B12E23711DF687F3008AB2D7 /* Products */,
			);
			sourceTree = "<group>";
		};
		B12E23711DF687F3008AB2D7 /* Products */ = {
			isa = PBXGroup;
			children = (
				B12E23701DF687F3008AB2D7 /* Swift_Switch.app */,
			);
			name = Products;
			sourceTree = "<group>";
		};
		B12E23721DF687F3008AB2D7 /* Swift_Switch */ = {
			isa = PBXGroup;
			children = (
				B12E23731DF687F3008AB2D7 /* AppDelegate.swift */,
				B12E23751DF687F3008AB2D7 /* ViewController.swift */,
				B12E23771DF687F3008AB2D7 /* Main.storyboard */,
				B12E237A1DF687F3008AB2D7 /* Assets.xcassets */,
				B12E237C1DF687F3008AB2D7 /* LaunchScreen.storyboard */,
				B12E237F1DF687F3008AB2D7 /* Info.plist */,
			);
			path = Swift_Switch;
			sourceTree = "<group>";
		};
/* End PBXGroup section */

/* Begin PBXNativeTarget section */
		B12E236F1DF687F3008AB2D7 /* Swift_Switch */ = {
			isa = PBXNativeTarget;
			buildConfigurationList = B12E23821DF687F3008AB2D7 /* Build configuration list for PBXNativeTarget "Swift_Switch" */;
			buildPhases = (
				B12E236C1DF687F3008AB2D7 /* Sources */,
				B12E236D1DF687F3008AB2D7 /* Frameworks */,
				B12E236E1DF687F3008AB2D7 /* Resources */,
			);
			buildRules = (
			);
			dependencies = (
			);
			name = Swift_Switch;
			productName = Swift_Switch;
			productReference = B12E23701DF687F3008AB2D7 /* Swift_Switch.app */;
			productType = "com.apple.product-type.application";
		};
/* End PBXNativeTarget section */

/* Begin PBXProject section */
		B12E23681DF687F3008AB2D7 /* Project object */ = {
			isa = PBXProject;
			attributes = {
				LastSwiftUpdateCheck = 0800;
				LastUpgradeCheck = 0800;
				ORGANIZATIONNAME = casdata;
				TargetAttributes = {
					B12E236F1DF687F3008AB2D7 = {
						CreatedOnToolsVersion = 8.0;
						DevelopmentTeam = ZET68HN477;
						ProvisioningStyle = Automatic;
					};
				};
			};
			buildConfigurationList = B12E236B1DF687F3008AB2D7 /* Build configuration list for PBXProject "Swift_Switch" */;
			compatibilityVersion = "Xcode 3.2";
			developmentRegion = English;
			hasScannedForEncodings = 0;
			knownRegions = (
				en,
				Base,
			);
			mainGroup = B12E23671DF687F3008AB2D7;
			productRefGroup = B12E23711DF687F3008AB2D7 /* Products */;
			projectDirPath = "";
			projectRoot = "";
			targets = (
				B12E236F1DF687F3008AB2D7 /* Swift_Switch */,
			);
		};
/* End PBXProject section */

/* Begin PBXResourcesBuildPhase section */
		B12E236E1DF687F3008AB2D7 /* Resources */ = {
			isa = PBXResourcesBuildPhase;
			buildActionMask = 2147483647;
			files = (
				B12E237E1DF687F3008AB2D7 /* LaunchScreen.storyboard in Resources */,
				B12E237B1DF687F3008AB2D7 /* Assets.xcassets in Resources */,
				B12E23791DF687F3008AB2D7 /* Main.storyboard in Resources */,
			);
			runOnlyForDeploymentPostprocessing = 0;
		};
/* End PBXResourcesBuildPhase section */

/* Begin PBXSourcesBuildPhase section */
		B12E236C1DF687F3008AB2D7 /* Sources */ = {
			isa = PBXSourcesBuildPhase;
			buildActionMask = 2147483647;
			files = (
				B12E23761DF687F3008AB2D7 /* ViewController.swift in Sources */,
				B12E23741DF687F3008AB2D7 /* AppDelegate.swift in Sources */,
			);
			runOnlyForDeploymentPostprocessing = 0;
		};
/* End PBXSourcesBuildPhase section */

/* Begin PBXVariantGroup section */
		B12E23771DF687F3008AB2D7 /* Main.storyboard */ = {
			isa = PBXVariantGroup;
			children = (
				B12E23781DF687F3008AB2D7 /* Base */,
			);
			name = Main.storyboard;
			sourceTree = "<group>";
		};
		B12E237C1DF687F3008AB2D7 /* LaunchScreen.storyboard */ = {
			isa = PBXVariantGroup;
			children = (
				B12E237D1DF687F3008AB2D7 /* Base */,
			);
			name = LaunchScreen.storyboard;
			sourceTree = "<group>";
		};
/* End PBXVariantGroup section */

/* Begin XCBuildConfiguration section */
		B12E23801DF687F3008AB2D7 /* Debug */ = {
			isa = XCBuildConfiguration;
			buildSettings = {
				ALWAYS_SEARCH_USER_PATHS = NO;
				CLANG_ANALYZER_NONNULL = YES;
				CLANG_CXX_LANGUAGE_STANDARD = "gnu++0x";
				CLANG_CXX_LIBRARY = "libc++";
				CLANG_ENABLE_MODULES = YES;
				CLANG_ENABLE_OBJC_ARC = YES;
				CLANG_WARN_BOOL_CONVERSION = YES;
				CLANG_WARN_CONSTANT_CONVERSION = YES;
				CLANG_WARN_DIRECT_OBJC_ISA_USAGE = YES_ERROR;
				CLANG_WARN_DOCUMENTATION_COMMENTS = YES;
				CLANG_WARN_EMPTY_BODY = YES;
				CLANG_WARN_ENUM_CONVERSION = YES;
				CLANG_WARN_INFINITE_RECURSION = YES;
				CLANG_WARN_INT_CONVERSION = YES;
				CLANG_WARN_OBJC_ROOT_CLASS = YES_ERROR;
				CLANG_WARN_SUSPICIOUS_MOVES = YES;
				CLANG_WARN_UNREACHABLE_CODE = YES;
				CLANG_WARN__DUPLICATE_METHOD_MATCH = YES;
				"CODE_SIGN_IDENTITY[sdk=iphoneos*]" = "iPhone Developer";
				COPY_PHASE_STRIP = NO;
				DEBUG_INFORMATION_FORMAT = dwarf;
				ENABLE_STRICT_OBJC_MSGSEND = YES;
				ENABLE_TESTABILITY = YES;
				GCC_C_LANGUAGE_STANDARD = gnu99;
				GCC_DYNAMIC_NO_PIC = NO;
				GCC_NO_COMMON_BLOCKS = YES;
				GCC_OPTIMIZATION_LEVEL = 0;
				GCC_PREPROCESSOR_DEFINITIONS = (
					"DEBUG=1",
					"$(inherited)",
				);
				GCC_WARN_64_TO_32_BIT_CONVERSION = YES;
				GCC_WARN_ABOUT_RETURN_TYPE = YES_ERROR;
				GCC_WARN_UNDECLARED_SELECTOR = YES;
				GCC_WARN_UNINITIALIZED_AUTOS = YES_AGGRESSIVE;
				GCC_WARN_UNUSED_FUNCTION = YES;
				GCC_WARN_UNUSED_VARIABLE = YES;
				IPHONEOS_DEPLOYMENT_TARGET = 10.0;
				MTL_ENABLE_DEBUG_INFO = YES;
				ONLY_ACTIVE_ARCH = YES;
				SDKROOT = iphoneos;
				SWIFT_ACTIVE_COMPILATION_CONDITIONS = DEBUG;
				SWIFT_OPTIMIZATION_LEVEL = "-Onone";
				TARGETED_DEVICE_FAMILY = "1,2";
			};
			name = Debug;
		};
		B12E23811DF687F3008AB2D7 /* Release */ = {
			isa = XCBuildConfiguration;
			buildSettings = {
				ALWAYS_SEARCH_USER_PATHS = NO;
				CLANG_ANALYZER_NONNULL = YES;
				CLANG_CXX_LANGUAGE_STANDARD = "gnu++0x";
				CLANG_CXX_LIBRARY = "libc++";
				CLANG_ENABLE_MODULES = YES;
				CLANG_ENABLE_OBJC_ARC = YES;
				CLANG_WARN_BOOL_CONVERSION = YES;
				CLANG_WARN_CONSTANT_CONVERSION = YES;
				CLANG_WARN_DIRECT_OBJC_ISA_USAGE = YES_ERROR;
				CLANG_WARN_DOCUMENTATION_COMMENTS = YES;
				CLANG_WARN_EMPTY_BODY = YES;
				CLANG_WARN_ENUM_CONVERSION = YES;
				CLANG_WARN_INFINITE_RECURSION = YES;
				CLANG_WARN_INT_CONVERSION = YES;
				CLANG_WARN_OBJC_ROOT_CLASS = YES_ERROR;
				CLANG_WARN_SUSPICIOUS_MOVES = YES;
				CLANG_WARN_UNREACHABLE_CODE = YES;
				CLANG_WARN__DUPLICATE_METHOD_MATCH = YES;
				"CODE_SIGN_IDENTITY[sdk=iphoneos*]" = "iPhone Developer";
				COPY_PHASE_STRIP = NO;
				DEBUG_INFORMATION_FORMAT = "dwarf-with-dsym";
				ENABLE_NS_ASSERTIONS = NO;
				ENABLE_STRICT_OBJC_MSGSEND = YES;
				GCC_C_LANGUAGE_STANDARD = gnu99;
				GCC_NO_COMMON_BLOCKS = YES;
				GCC_WARN_64_TO_32_BIT_CONVERSION = YES;
				GCC_WARN_ABOUT_RETURN_TYPE = YES_ERROR;
				GCC_WARN_UNDECLARED_SELECTOR = YES;
				GCC_WARN_UNINITIALIZED_AUTOS = YES_AGGRESSIVE;
				GCC_WARN_UNUSED_FUNCTION = YES;
				GCC_WARN_UNUSED_VARIABLE = YES;
				IPHONEOS_DEPLOYMENT_TARGET = 10.0;
				MTL_ENABLE_DEBUG_INFO = NO;
				SDKROOT = iphoneos;
				SWIFT_OPTIMIZATION_LEVEL = "-Owholemodule";
				TARGETED_DEVICE_FAMILY = "1,2";
				VALIDATE_PRODUCT = YES;
			};
			name = Release;
		};
		B12E23831DF687F3008AB2D7 /* Debug */ = {
			isa = XCBuildConfiguration;
			buildSettings = {
				ASSETCATALOG_COMPILER_APPICON_NAME = AppIcon;
				DEVELOPMENT_TEAM = ZET68HN477;
				INFOPLIST_FILE = Swift_Switch/Info.plist;
				LD_RUNPATH_SEARCH_PATHS = "$(inherited) @executable_path/Frameworks";
				PRODUCT_BUNDLE_IDENTIFIER = "net.casdata.Swift-Switch";
				PRODUCT_NAME = "$(TARGET_NAME)";
				SWIFT_VERSION = 3.0;
			};
			name = Debug;
		};
		B12E23841DF687F3008AB2D7 /* Release */ = {
			isa = XCBuildConfiguration;
			buildSettings = {
				ASSETCATALOG_COMPILER_APPICON_NAME = AppIcon;
				DEVELOPMENT_TEAM = ZET68HN477;
				INFOPLIST_FILE = Swift_Switch/Info.plist;
				LD_RUNPATH_SEARCH_PATHS = "$(inherited) @executable_path/Frameworks";
				PRODUCT_BUNDLE_IDENTIFIER = "net.casdata.Swift-Switch";
				PRODUCT_NAME = "$(TARGET_NAME)";
				SWIFT_VERSION = 3.0;
			};
			name = Release;
		};
/* End XCBuildConfiguration section */

/* Begin XCConfigurationList section */
		B12E236B1DF687F3008AB2D7 /* Build configuration list for PBXProject "Swift_Switch" */ = {
			isa = XCConfigurationList;
			buildConfigurations = (
				B12E23801DF687F3008AB2D7 /* Debug */,
				B12E23811DF687F3008AB2D7 /* Release */,
			);
			defaultConfigurationIsVisible = 0;
			defaultConfigurationName = Release;
		};
		B12E23821DF687F3008AB2D7 /* Build configuration list for PBXNativeTarget "Swift_Switch" */ = {
			isa = XCConfigurationList;
			buildConfigurations = (
				B12E23831DF687F3008AB2D7 /* Debug */,
				B12E23841DF687F3008AB2D7 /* Release */,
			);
			defaultConfigurationIsVisible = 0;
		};
/* End XCConfigurationList section */
	};
	rootObject = B12E23681DF687F3008AB2D7 /* Project object */;
}
